
Microsoft Visual Studio Solution File, Format Version 12.00
# Visual Studio Version 17
VisualStudioVersion = 17.8.34322.80
MinimumVisualStudioVersion = 10.0.40219.1
Project("{FAE04EC0-301F-11D3-BF4B-00C04F79EFBC}") = "HabitTracker", "HabitTracker\HabitTracker.csproj", "{9D5C2BA2-10F4-4DBF-A4A2-F77625AC5C08}"
EndProject
Project("{FAE04EC0-301F-11D3-BF4B-00C04F79EFBC}") = "HabitTrackerTests", "HabitTrackerTests\HabitTrackerTests.csproj", "{BA623E31-25CC-4EF7-BF55-5291934220C2}"
EndProject
Global
	GlobalSection(SolutionConfigurationPlatforms) = preSolution
		Debug|Any CPU = Debug|Any CPU
		Release|Any CPU = Release|Any CPU
	EndGlobalSection
	GlobalSection(ProjectConfigurationPlatforms) = postSolution
		{9D5C2BA2-10F4-4DBF-A4A2-F77625AC5C08}.Debug|Any CPU.ActiveCfg = Debug|Any CPU
		{9D5C2BA2-10F4-4DBF-A4A2-F77625AC5C08}.Debug|Any CPU.Build.0 = Debug|Any CPU
		{9D5C2BA2-10F4-4DBF-A4A2-F77625AC5C08}.Release|Any CPU.ActiveCfg = Release|Any CPU
		{9D5C2BA2-10F4-4DBF-A4A2-F77625AC5C08}.Release|Any CPU.Build.0 = Release|Any CPU
		{BA623E31-25CC-4EF7-BF55-5291934220C2}.Debug|Any CPU.ActiveCfg = Debug|Any CPU
		{BA623E31-25CC-4EF7-BF55-5291934220C2}.Debug|Any CPU.Build.0 = Debug|Any CPU
		{BA623E31-25CC-4EF7-BF55-5291934220C2}.Release|Any CPU.ActiveCfg = Release|Any CPU
		{BA623E31-25CC-4EF7-BF55-5291934220C2}.Release|Any CPU.Build.0 = Release|Any CPU
	EndGlobalSection
	GlobalSection(SolutionProperties) = preSolution
		HideSolutionNode = FALSE
	EndGlobalSection
	GlobalSection(ExtensibilityGlobals) = postSolution
		SolutionGuid = {0B03D36F-1EFF-4C5A-8AB5-219DCCC905A1}
	EndGlobalSection
EndGlobal
